<?xml version="1.0" encoding="utf-8"?>
<Project ToolsVersion="4.0" xmlns="http://schemas.microsoft.com/developer/msbuild/2003">
  <ItemGroup>
    <Filter Include="Goob">
      <UniqueIdentifier>{4CE5857C-381C-870D-E108-6D10CD1E030F}</UniqueIdentifier>
    </Filter>
  </ItemGroup>
  <ItemGroup>
    <ClInclude Include="src\Goob.h" />
    <ClInclude Include="src\Goob\Application.h">
      <Filter>Goob</Filter>
    </ClInclude>
    <ClInclude Include="src\Goob\Core.h">
      <Filter>Goob</Filter>
    </ClInclude>
    <ClInclude Include="src\Goob\EntryPoint.h">
      <Filter>Goob</Filter>
    </ClInclude>
    <ClInclude Include="src\Goob\Log.h">
      <Filter>Goob</Filter>
    </ClInclude>
  </ItemGroup>
  <ItemGroup>
    <ClCompile Include="src\Goob\Application.cpp">
      <Filter>Goob</Filter>
    </ClCompile>
    <ClCompile Include="src\Goob\Log.cpp">
      <Filter>Goob</Filter>
    </ClCompile>
  </ItemGroup>
</Project>